
Microsoft Visual Studio Solution File, Format Version 12.00
# Visual Studio Version 16
VisualStudioVersion = 16.6.30114.105
MinimumVisualStudioVersion = 10.0.40219.1
Project("{FAE04EC0-301F-11D3-BF4B-00C04F79EFBC}") = "API", "API\API.csproj", "{7F7F7021-88FA-4787-B621-EF508CF2E61B}"
EndProject
Project("{FAE04EC0-301F-11D3-BF4B-00C04F79EFBC}") = "Core", "Core\Core.csproj", "{B438E746-85FF-4B84-BB54-AF866C270629}"
EndProject
Project("{FAE04EC0-301F-11D3-BF4B-00C04F79EFBC}") = "Infrastructure", "Infrastructure\Infrastructure.csproj", "{A4311C77-9FDC-4925-AB09-0808839778E7}"
EndProject
Global
	GlobalSection(SolutionConfigurationPlatforms) = preSolution
		Debug|Any CPU = Debug|Any CPU
		Debug|x64 = Debug|x64
		Debug|x86 = Debug|x86
		Release|Any CPU = Release|Any CPU
		Release|x64 = Release|x64
		Release|x86 = Release|x86
	EndGlobalSection
	GlobalSection(SolutionProperties) = preSolution
		HideSolutionNode = FALSE
	EndGlobalSection
	GlobalSection(ProjectConfigurationPlatforms) = postSolution
		{7F7F7021-88FA-4787-B621-EF508CF2E61B}.Debug|Any CPU.ActiveCfg = Debug|Any CPU
		{7F7F7021-88FA-4787-B621-EF508CF2E61B}.Debug|Any CPU.Build.0 = Debug|Any CPU
		{7F7F7021-88FA-4787-B621-EF508CF2E61B}.Debug|x64.ActiveCfg = Debug|Any CPU
		{7F7F7021-88FA-4787-B621-EF508CF2E61B}.Debug|x64.Build.0 = Debug|Any CPU
		{7F7F7021-88FA-4787-B621-EF508CF2E61B}.Debug|x86.ActiveCfg = Debug|Any CPU
		{7F7F7021-88FA-4787-B621-EF508CF2E61B}.Debug|x86.Build.0 = Debug|Any CPU
		{7F7F7021-88FA-4787-B621-EF508CF2E61B}.Release|Any CPU.ActiveCfg = Release|Any CPU
		{7F7F7021-88FA-4787-B621-EF508CF2E61B}.Release|Any CPU.Build.0 = Release|Any CPU
		{7F7F7021-88FA-4787-B621-EF508CF2E61B}.Release|x64.ActiveCfg = Release|Any CPU
		{7F7F7021-88FA-4787-B621-EF508CF2E61B}.Release|x64.Build.0 = Release|Any CPU
		{7F7F7021-88FA-4787-B621-EF508CF2E61B}.Release|x86.ActiveCfg = Release|Any CPU
		{7F7F7021-88FA-4787-B621-EF508CF2E61B}.Release|x86.Build.0 = Release|Any CPU
		{B438E746-85FF-4B84-BB54-AF866C270629}.Debug|Any CPU.ActiveCfg = Debug|Any CPU
		{B438E746-85FF-4B84-BB54-AF866C270629}.Debug|Any CPU.Build.0 = Debug|Any CPU
		{B438E746-85FF-4B84-BB54-AF866C270629}.Debug|x64.ActiveCfg = Debug|Any CPU
		{B438E746-85FF-4B84-BB54-AF866C270629}.Debug|x64.Build.0 = Debug|Any CPU
		{B438E746-85FF-4B84-BB54-AF866C270629}.Debug|x86.ActiveCfg = Debug|Any CPU
		{B438E746-85FF-4B84-BB54-AF866C270629}.Debug|x86.Build.0 = Debug|Any CPU
		{B438E746-85FF-4B84-BB54-AF866C270629}.Release|Any CPU.ActiveCfg = Release|Any CPU
		{B438E746-85FF-4B84-BB54-AF866C270629}.Release|Any CPU.Build.0 = Release|Any CPU
		{B438E746-85FF-4B84-BB54-AF866C270629}.Release|x64.ActiveCfg = Release|Any CPU
		{B438E746-85FF-4B84-BB54-AF866C270629}.Release|x64.Build.0 = Release|Any CPU
		{B438E746-85FF-4B84-BB54-AF866C270629}.Release|x86.ActiveCfg = Release|Any CPU
		{B438E746-85FF-4B84-BB54-AF866C270629}.Release|x86.Build.0 = Release|Any CPU
		{A4311C77-9FDC-4925-AB09-0808839778E7}.Debug|Any CPU.ActiveCfg = Debug|Any CPU
		{A4311C77-9FDC-4925-AB09-0808839778E7}.Debug|Any CPU.Build.0 = Debug|Any CPU
		{A4311C77-9FDC-4925-AB09-0808839778E7}.Debug|x64.ActiveCfg = Debug|Any CPU
		{A4311C77-9FDC-4925-AB09-0808839778E7}.Debug|x64.Build.0 = Debug|Any CPU
		{A4311C77-9FDC-4925-AB09-0808839778E7}.Debug|x86.ActiveCfg = Debug|Any CPU
		{A4311C77-9FDC-4925-AB09-0808839778E7}.Debug|x86.Build.0 = Debug|Any CPU
		{A4311C77-9FDC-4925-AB09-0808839778E7}.Release|Any CPU.ActiveCfg = Release|Any CPU
		{A4311C77-9FDC-4925-AB09-0808839778E7}.Release|Any CPU.Build.0 = Release|Any CPU
		{A4311C77-9FDC-4925-AB09-0808839778E7}.Release|x64.ActiveCfg = Release|Any CPU
		{A4311C77-9FDC-4925-AB09-0808839778E7}.Release|x64.Build.0 = Release|Any CPU
		{A4311C77-9FDC-4925-AB09-0808839778E7}.Release|x86.ActiveCfg = Release|Any CPU
		{A4311C77-9FDC-4925-AB09-0808839778E7}.Release|x86.Build.0 = Release|Any CPU
	EndGlobalSection
EndGlobal
